// !$*UTF8*$!
{
	archiveVersion = 1;
	classes = {
	};
	objectVersion = 50;
	objects = {

/* Begin PBXBuildFile section */
		28A90BE2A1BB1BADCF2A3F6D /* Pods_PopoverExample.framework in Frameworks */ = {isa = PBXBuildFile; fileRef = FD9CAFE89ADA5A18BC5DF738 /* Pods_PopoverExample.framework */; };
		666BD46223FE80DC00A03B55 /* AppDelegate.swift in Sources */ = {isa = PBXBuildFile; fileRef = 666BD46123FE80DC00A03B55 /* AppDelegate.swift */; };
		666BD46423FE80DC00A03B55 /* SceneDelegate.swift in Sources */ = {isa = PBXBuildFile; fileRef = 666BD46323FE80DC00A03B55 /* SceneDelegate.swift */; };
		666BD46623FE80DC00A03B55 /* ViewController.swift in Sources */ = {isa = PBXBuildFile; fileRef = 666BD46523FE80DC00A03B55 /* ViewController.swift */; };
		666BD46923FE80DC00A03B55 /* Main.storyboard in Resources */ = {isa = PBXBuildFile; fileRef = 666BD46723FE80DC00A03B55 /* Main.storyboard */; };
		666BD46B23FE80DE00A03B55 /* Assets.xcassets in Resources */ = {isa = PBXBuildFile; fileRef = 666BD46A23FE80DE00A03B55 /* Assets.xcassets */; };
		666BD46E23FE80DE00A03B55 /* LaunchScreen.storyboard in Resources */ = {isa = PBXBuildFile; fileRef = 666BD46C23FE80DE00A03B55 /* LaunchScreen.storyboard */; };
/* End PBXBuildFile section */

/* Begin PBXFileReference section */
		666BD45E23FE80DC00A03B55 /* PopoverExample.app */ = {isa = PBXFileReference; explicitFileType = wrapper.application; includeInIndex = 0; path = PopoverExample.app; sourceTree = BUILT_PRODUCTS_DIR; };
		666BD46123FE80DC00A03B55 /* AppDelegate.swift */ = {isa = PBXFileReference; lastKnownFileType = sourcecode.swift; path = AppDelegate.swift; sourceTree = "<group>"; };
		666BD46323FE80DC00A03B55 /* SceneDelegate.swift */ = {isa = PBXFileReference; lastKnownFileType = sourcecode.swift; path = SceneDelegate.swift; sourceTree = "<group>"; };
		666BD46523FE80DC00A03B55 /* ViewController.swift */ = {isa = PBXFileReference; lastKnownFileType = sourcecode.swift; path = ViewController.swift; sourceTree = "<group>"; };
		666BD46823FE80DC00A03B55 /* Base */ = {isa = PBXFileReference; lastKnownFileType = file.storyboard; name = Base; path = Base.lproj/Main.storyboard; sourceTree = "<group>"; };
		666BD46A23FE80DE00A03B55 /* Assets.xcassets */ = {isa = PBXFileReference; lastKnownFileType = folder.assetcatalog; path = Assets.xcassets; sourceTree = "<group>"; };
		666BD46D23FE80DE00A03B55 /* Base */ = {isa = PBXFileReference; lastKnownFileType = file.storyboard; name = Base; path = Base.lproj/LaunchScreen.storyboard; sourceTree = "<group>"; };
		666BD46F23FE80DE00A03B55 /* Info.plist */ = {isa = PBXFileReference; lastKnownFileType = text.plist.xml; path = Info.plist; sourceTree = "<group>"; };
		7207FB49EF19CD6731BCC1CC /* Pods-PopoverExample.release.xcconfig */ = {isa = PBXFileReference; includeInIndex = 1; lastKnownFileType = text.xcconfig; name = "Pods-PopoverExample.release.xcconfig"; path = "Target Support Files/Pods-PopoverExample/Pods-PopoverExample.release.xcconfig"; sourceTree = "<group>"; };
		EF1CE509505CEC9585D76589 /* Pods-PopoverExample.debug.xcconfig */ = {isa = PBXFileReference; includeInIndex = 1; lastKnownFileType = text.xcconfig; name = "Pods-PopoverExample.debug.xcconfig"; path = "Target Support Files/Pods-PopoverExample/Pods-PopoverExample.debug.xcconfig"; sourceTree = "<group>"; };
		FD9CAFE89ADA5A18BC5DF738 /* Pods_PopoverExample.framework */ = {isa = PBXFileReference; explicitFileType = wrapper.framework; includeInIndex = 0; path = Pods_PopoverExample.framework; sourceTree = BUILT_PRODUCTS_DIR; };
/* End PBXFileReference section */

/* Begin PBXFrameworksBuildPhase section */
		666BD45B23FE80DC00A03B55 /* Frameworks */ = {
			isa = PBXFrameworksBuildPhase;
			buildActionMask = 2147483647;
			files = (
				28A90BE2A1BB1BADCF2A3F6D /* Pods_PopoverExample.framework in Frameworks */,
			);
			runOnlyForDeploymentPostprocessing = 0;
		};
/* End PBXFrameworksBuildPhase section */

/* Begin PBXGroup section */
		539DC96519F097BD561D0205 /* Frameworks */ = {
			isa = PBXGroup;
			children = (
				FD9CAFE89ADA5A18BC5DF738 /* Pods_PopoverExample.framework */,
			);
			name = Frameworks;
			sourceTree = "<group>";
		};
		666BD45523FE80DC00A03B55 = {
			isa = PBXGroup;
			children = (
				666BD46023FE80DC00A03B55 /* PopoverExample */,
				666BD45F23FE80DC00A03B55 /* Products */,
				C6ECF0E37AA02433B2B0CC8D /* Pods */,
				539DC96519F097BD561D0205 /* Frameworks */,
			);
			sourceTree = "<group>";
		};
		666BD45F23FE80DC00A03B55 /* Products */ = {
			isa = PBXGroup;
			children = (
				666BD45E23FE80DC00A03B55 /* PopoverExample.app */,
			);
			name = Products;
			sourceTree = "<group>";
		};
		666BD46023FE80DC00A03B55 /* PopoverExample */ = {
			isa = PBXGroup;
			children = (
				666BD46123FE80DC00A03B55 /* AppDelegate.swift */,
				666BD46323FE80DC00A03B55 /* SceneDelegate.swift */,
				666BD46523FE80DC00A03B55 /* ViewController.swift */,
				666BD46723FE80DC00A03B55 /* Main.storyboard */,
				666BD46A23FE80DE00A03B55 /* Assets.xcassets */,
				666BD46C23FE80DE00A03B55 /* LaunchScreen.storyboard */,
				666BD46F23FE80DE00A03B55 /* Info.plist */,
			);
			path = PopoverExample;
			sourceTree = "<group>";
		};
		C6ECF0E37AA02433B2B0CC8D /* Pods */ = {
			isa = PBXGroup;
			children = (
				EF1CE509505CEC9585D76589 /* Pods-PopoverExample.debug.xcconfig */,
				7207FB49EF19CD6731BCC1CC /* Pods-PopoverExample.release.xcconfig */,
			);
			name = Pods;
			path = Pods;
			sourceTree = "<group>";
		};
/* End PBXGroup section */

/* Begin PBXNativeTarget section */
		666BD45D23FE80DC00A03B55 /* PopoverExample */ = {
			isa = PBXNativeTarget;
			buildConfigurationList = 666BD47223FE80DE00A03B55 /* Build configuration list for PBXNativeTarget "PopoverExample" */;
			buildPhases = (
				3F9850408023A4C67DC09B85 /* [CP] Check Pods Manifest.lock */,
				666BD45A23FE80DC00A03B55 /* Sources */,
				666BD45B23FE80DC00A03B55 /* Frameworks */,
				666BD45C23FE80DC00A03B55 /* Resources */,
				8FF9711FBC7CC9B59186F9B9 /* [CP] Embed Pods Frameworks */,
			);
			buildRules = (
			);
			dependencies = (
			);
			name = PopoverExample;
			productName = PopoverExample;
			productReference = 666BD45E23FE80DC00A03B55 /* PopoverExample.app */;
			productType = "com.apple.product-type.application";
		};
/* End PBXNativeTarget section */

/* Begin PBXProject section */
		666BD45623FE80DC00A03B55 /* Project object */ = {
			isa = PBXProject;
			attributes = {
				LastSwiftUpdateCheck = 1120;
				LastUpgradeCheck = 1120;
				ORGANIZATIONNAME = "Sreehari M Nambiar";
				TargetAttributes = {
					666BD45D23FE80DC00A03B55 = {
						CreatedOnToolsVersion = 11.2.1;
					};
				};
			};
			buildConfigurationList = 666BD45923FE80DC00A03B55 /* Build configuration list for PBXProject "PopoverExample" */;
			compatibilityVersion = "Xcode 9.3";
			developmentRegion = en;
			hasScannedForEncodings = 0;
			knownRegions = (
				en,
				Base,
			);
			mainGroup = 666BD45523FE80DC00A03B55;
			productRefGroup = 666BD45F23FE80DC00A03B55 /* Products */;
			projectDirPath = "";
			projectRoot = "";
			targets = (
				666BD45D23FE80DC00A03B55 /* PopoverExample */,
			);
		};
/* End PBXProject section */

/* Begin PBXResourcesBuildPhase section */
		666BD45C23FE80DC00A03B55 /* Resources */ = {
			isa = PBXResourcesBuildPhase;
			buildActionMask = 2147483647;
			files = (
				666BD46E23FE80DE00A03B55 /* LaunchScreen.storyboard in Resources */,
				666BD46B23FE80DE00A03B55 /* Assets.xcassets in Resources */,
				666BD46923FE80DC00A03B55 /* Main.storyboard in Resources */,
			);
			runOnlyForDeploymentPostprocessing = 0;
		};
/* End PBXResourcesBuildPhase section */

/* Begin PBXShellScriptBuildPhase section */
		3F9850408023A4C67DC09B85 /* [CP] Check Pods Manifest.lock */ = {
			isa = PBXShellScriptBuildPhase;
			buildActionMask = 2147483647;
			files = (
			);
			inputFileListPaths = (
			);
			inputPaths = (
				"${PODS_PODFILE_DIR_PATH}/Podfile.lock",
				"${PODS_ROOT}/Manifest.lock",
			);
			name = "[CP] Check Pods Manifest.lock";
			outputFileListPaths = (
			);
			outputPaths = (
				"$(DERIVED_FILE_DIR)/Pods-PopoverExample-checkManifestLockResult.txt",
			);
			runOnlyForDeploymentPostprocessing = 0;
			shellPath = /bin/sh;
			shellScript = "diff \"${PODS_PODFILE_DIR_PATH}/Podfile.lock\" \"${PODS_ROOT}/Manifest.lock\" > /dev/null\nif [ $? != 0 ] ; then\n    # print error to STDERR\n    echo \"error: The sandbox is not in sync with the Podfile.lock. Run 'pod install' or update your CocoaPods installation.\" >&2\n    exit 1\nfi\n# This output is used by Xcode 'outputs' to avoid re-running this script phase.\necho \"SUCCESS\" > \"${SCRIPT_OUTPUT_FILE_0}\"\n";
			showEnvVarsInLog = 0;
		};
		8FF9711FBC7CC9B59186F9B9 /* [CP] Embed Pods Frameworks */ = {
			isa = PBXShellScriptBuildPhase;
			buildActionMask = 2147483647;
			files = (
			);
			inputFileListPaths = (
				"${PODS_ROOT}/Target Support Files/Pods-PopoverExample/Pods-PopoverExample-frameworks-${CONFIGURATION}-input-files.xcfilelist",
			);
			name = "[CP] Embed Pods Frameworks";
			outputFileListPaths = (
				"${PODS_ROOT}/Target Support Files/Pods-PopoverExample/Pods-PopoverExample-frameworks-${CONFIGURATION}-output-files.xcfilelist",
			);
			runOnlyForDeploymentPostprocessing = 0;
			shellPath = /bin/sh;
			shellScript = "\"${PODS_ROOT}/Target Support Files/Pods-PopoverExample/Pods-PopoverExample-frameworks.sh\"\n";
			showEnvVarsInLog = 0;
		};
/* End PBXShellScriptBuildPhase section */

/* Begin PBXSourcesBuildPhase section */
		666BD45A23FE80DC00A03B55 /* Sources */ = {
			isa = PBXSourcesBuildPhase;
			buildActionMask = 2147483647;
			files = (
				666BD46623FE80DC00A03B55 /* ViewController.swift in Sources */,
				666BD46223FE80DC00A03B55 /* AppDelegate.swift in Sources */,
				666BD46423FE80DC00A03B55 /* SceneDelegate.swift in Sources */,
			);
			runOnlyForDeploymentPostprocessing = 0;
		};
/* End PBXSourcesBuildPhase section */

/* Begin PBXVariantGroup section */
		666BD46723FE80DC00A03B55 /* Main.storyboard */ = {
			isa = PBXVariantGroup;
			children = (
				666BD46823FE80DC00A03B55 /* Base */,
			);
			name = Main.storyboard;
			sourceTree = "<group>";
		};
		666BD46C23FE80DE00A03B55 /* LaunchScreen.storyboard */ = {
			isa = PBXVariantGroup;
			children = (
				666BD46D23FE80DE00A03B55 /* Base */,
			);
			name = LaunchScreen.storyboard;
			sourceTree = "<group>";
		};
/* End PBXVariantGroup section */

/* Begin XCBuildConfiguration section */
		666BD47023FE80DE00A03B55 /* Debug */ = {
			isa = XCBuildConfiguration;
			buildSettings = {
				ALWAYS_SEARCH_USER_PATHS = NO;
				CLANG_ANALYZER_NONNULL = YES;
				CLANG_ANALYZER_NUMBER_OBJECT_CONVERSION = YES_AGGRESSIVE;
				CLANG_CXX_LANGUAGE_STANDARD = "gnu++14";
				CLANG_CXX_LIBRARY = "libc++";
				CLANG_ENABLE_MODULES = YES;
				CLANG_ENABLE_OBJC_ARC = YES;
				CLANG_ENABLE_OBJC_WEAK = YES;
				CLANG_WARN_BLOCK_CAPTURE_AUTORELEASING = YES;
				CLANG_WARN_BOOL_CONVERSION = YES;
				CLANG_WARN_COMMA = YES;
				CLANG_WARN_CONSTANT_CONVERSION = YES;
				CLANG_WARN_DEPRECATED_OBJC_IMPLEMENTATIONS = YES;
				CLANG_WARN_DIRECT_OBJC_ISA_USAGE = YES_ERROR;
				CLANG_WARN_DOCUMENTATION_COMMENTS = YES;
				CLANG_WARN_EMPTY_BODY = YES;
				CLANG_WARN_ENUM_CONVERSION = YES;
				CLANG_WARN_INFINITE_RECURSION = YES;
				CLANG_WARN_INT_CONVERSION = YES;
				CLANG_WARN_NON_LITERAL_NULL_CONVERSION = YES;
				CLANG_WARN_OBJC_IMPLICIT_RETAIN_SELF = YES;
				CLANG_WARN_OBJC_LITERAL_CONVERSION = YES;
				CLANG_WARN_OBJC_ROOT_CLASS = YES_ERROR;
				CLANG_WARN_RANGE_LOOP_ANALYSIS = YES;
				CLANG_WARN_STRICT_PROTOTYPES = YES;
				CLANG_WARN_SUSPICIOUS_MOVE = YES;
				CLANG_WARN_UNGUARDED_AVAILABILITY = YES_AGGRESSIVE;
				CLANG_WARN_UNREACHABLE_CODE = YES;
				CLANG_WARN__DUPLICATE_METHOD_MATCH = YES;
				COPY_PHASE_STRIP = NO;
				DEBUG_INFORMATION_FORMAT = dwarf;
				ENABLE_STRICT_OBJC_MSGSEND = YES;
				ENABLE_TESTABILITY = YES;
				GCC_C_LANGUAGE_STANDARD = gnu11;
				GCC_DYNAMIC_NO_PIC = NO;
				GCC_NO_COMMON_BLOCKS = YES;
				GCC_OPTIMIZATION_LEVEL = 0;
				GCC_PREPROCESSOR_DEFINITIONS = (
					"DEBUG=1",
					"$(inherited)",
				);
				GCC_WARN_64_TO_32_BIT_CONVERSION = YES;
				GCC_WARN_ABOUT_RETURN_TYPE = YES_ERROR;
				GCC_WARN_UNDECLARED_SELECTOR = YES;
				GCC_WARN_UNINITIALIZED_AUTOS = YES_AGGRESSIVE;
				GCC_WARN_UNUSED_FUNCTION = YES;
				GCC_WARN_UNUSED_VARIABLE = YES;
				IPHONEOS_DEPLOYMENT_TARGET = 13.2;
				MTL_ENABLE_DEBUG_INFO = INCLUDE_SOURCE;
				MTL_FAST_MATH = YES;
				ONLY_ACTIVE_ARCH = YES;
				SDKROOT = iphoneos;
				SWIFT_ACTIVE_COMPILATION_CONDITIONS = DEBUG;
				SWIFT_OPTIMIZATION_LEVEL = "-Onone";
			};
			name = Debug;
		};
		666BD47123FE80DE00A03B55 /* Release */ = {
			isa = XCBuildConfiguration;
			buildSettings = {
				ALWAYS_SEARCH_USER_PATHS = NO;
				CLANG_ANALYZER_NONNULL = YES;
				CLANG_ANALYZER_NUMBER_OBJECT_CONVERSION = YES_AGGRESSIVE;
				CLANG_CXX_LANGUAGE_STANDARD = "gnu++14";
				CLANG_CXX_LIBRARY = "libc++";
				CLANG_ENABLE_MODULES = YES;
				CLANG_ENABLE_OBJC_ARC = YES;
				CLANG_ENABLE_OBJC_WEAK = YES;
				CLANG_WARN_BLOCK_CAPTURE_AUTORELEASING = YES;
				CLANG_WARN_BOOL_CONVERSION = YES;
				CLANG_WARN_COMMA = YES;
				CLANG_WARN_CONSTANT_CONVERSION = YES;
				CLANG_WARN_DEPRECATED_OBJC_IMPLEMENTATIONS = YES;
				CLANG_WARN_DIRECT_OBJC_ISA_USAGE = YES_ERROR;
				CLANG_WARN_DOCUMENTATION_COMMENTS = YES;
				CLANG_WARN_EMPTY_BODY = YES;
				CLANG_WARN_ENUM_CONVERSION = YES;
				CLANG_WARN_INFINITE_RECURSION = YES;
				CLANG_WARN_INT_CONVERSION = YES;
				CLANG_WARN_NON_LITERAL_NULL_CONVERSION = YES;
				CLANG_WARN_OBJC_IMPLICIT_RETAIN_SELF = YES;
				CLANG_WARN_OBJC_LITERAL_CONVERSION = YES;
				CLANG_WARN_OBJC_ROOT_CLASS = YES_ERROR;
				CLANG_WARN_RANGE_LOOP_ANALYSIS = YES;
				CLANG_WARN_STRICT_PROTOTYPES = YES;
				CLANG_WARN_SUSPICIOUS_MOVE = YES;
				CLANG_WARN_UNGUARDED_AVAILABILITY = YES_AGGRESSIVE;
				CLANG_WARN_UNREACHABLE_CODE = YES;
				CLANG_WARN__DUPLICATE_METHOD_MATCH = YES;
				COPY_PHASE_STRIP = NO;
				DEBUG_INFORMATION_FORMAT = "dwarf-with-dsym";
				ENABLE_NS_ASSERTIONS = NO;
				ENABLE_STRICT_OBJC_MSGSEND = YES;
				GCC_C_LANGUAGE_STANDARD = gnu11;
				GCC_NO_COMMON_BLOCKS = YES;
				GCC_WARN_64_TO_32_BIT_CONVERSION = YES;
				GCC_WARN_ABOUT_RETURN_TYPE = YES_ERROR;
				GCC_WARN_UNDECLARED_SELECTOR = YES;
				GCC_WARN_UNINITIALIZED_AUTOS = YES_AGGRESSIVE;
				GCC_WARN_UNUSED_FUNCTION = YES;
				GCC_WARN_UNUSED_VARIABLE = YES;
				IPHONEOS_DEPLOYMENT_TARGET = 13.2;
				MTL_ENABLE_DEBUG_INFO = NO;
				MTL_FAST_MATH = YES;
				SDKROOT = iphoneos;
				SWIFT_COMPILATION_MODE = wholemodule;
				SWIFT_OPTIMIZATION_LEVEL = "-O";
				VALIDATE_PRODUCT = YES;
			};
			name = Release;
		};
		666BD47323FE80DE00A03B55 /* Debug */ = {
			isa = XCBuildConfiguration;
			baseConfigurationReference = EF1CE509505CEC9585D76589 /* Pods-PopoverExample.debug.xcconfig */;
			buildSettings = {
				ASSETCATALOG_COMPILER_APPICON_NAME = AppIcon;
				CODE_SIGN_STYLE = Automatic;
				INFOPLIST_FILE = PopoverExample/Info.plist;
				LD_RUNPATH_SEARCH_PATHS = (
					"$(inherited)",
					"@executable_path/Frameworks",
				);
				PRODUCT_BUNDLE_IDENTIFIER = com.sreehari.PopoverExample;
				PRODUCT_NAME = "$(TARGET_NAME)";
				SWIFT_VERSION = 5.0;
				TARGETED_DEVICE_FAMILY = "1,2";
			};
			name = Debug;
		};
		666BD47423FE80DE00A03B55 /* Release */ = {
			isa = XCBuildConfiguration;
			baseConfigurationReference = 7207FB49EF19CD6731BCC1CC /* Pods-PopoverExample.release.xcconfig */;
			buildSettings = {
				ASSETCATALOG_COMPILER_APPICON_NAME = AppIcon;
				CODE_SIGN_STYLE = Automatic;
				INFOPLIST_FILE = PopoverExample/Info.plist;
				LD_RUNPATH_SEARCH_PATHS = (
					"$(inherited)",
					"@executable_path/Frameworks",
				);
				PRODUCT_BUNDLE_IDENTIFIER = com.sreehari.PopoverExample;
				PRODUCT_NAME = "$(TARGET_NAME)";
				SWIFT_VERSION = 5.0;
				TARGETED_DEVICE_FAMILY = "1,2";
			};
			name = Release;
		};
/* End XCBuildConfiguration section */

/* Begin XCConfigurationList section */
		666BD45923FE80DC00A03B55 /* Build configuration list for PBXProject "PopoverExample" */ = {
			isa = XCConfigurationList;
			buildConfigurations = (
				666BD47023FE80DE00A03B55 /* Debug */,
				666BD47123FE80DE00A03B55 /* Release */,
			);
			defaultConfigurationIsVisible = 0;
			defaultConfigurationName = Release;
		};
		666BD47223FE80DE00A03B55 /* Build configuration list for PBXNativeTarget "PopoverExample" */ = {
			isa = XCConfigurationList;
			buildConfigurations = (
				666BD47323FE80DE00A03B55 /* Debug */,
				666BD47423FE80DE00A03B55 /* Release */,
			);
			defaultConfigurationIsVisible = 0;
			defaultConfigurationName = Release;
		};
/* End XCConfigurationList section */
	};
	rootObject = 666BD45623FE80DC00A03B55 /* Project object */;
}
